# This file is automatically @generated by Cargo.
# It is not intended for manual editing.
version = 4

[[package]]
name = "invoicekit-archive"
version = "0.0.0"

[[package]]
name = "invoicekit-binding-node-napi"
version = "0.0.0"

[[package]]
name = "invoicekit-binding-python"
version = "0.0.0"

[[package]]
name = "invoicekit-binding-rest-shim"
version = "0.0.0"

[[package]]
name = "invoicekit-binding-wasm-browser"
version = "0.0.0"

[[package]]
name = "invoicekit-bridge-chargebee"
version = "0.0.0"

[[package]]
name = "invoicekit-bridge-lago"
version = "0.0.0"

[[package]]
name = "invoicekit-bridge-maxio"
version = "0.0.0"

[[package]]
name = "invoicekit-bridge-recurly"
version = "0.0.0"

[[package]]
name = "invoicekit-bridge-stripe-invoicing"
version = "0.0.0"

[[package]]
name = "invoicekit-canonical"
version = "0.0.0"

[[package]]
name = "invoicekit-cli"
version = "0.0.0"

[[package]]
name = "invoicekit-codelists"
version = "0.0.0"

[[package]]
name = "invoicekit-engine"
version = "0.0.0"

[[package]]
name = "invoicekit-evidence"
version = "0.0.0"

[[package]]
name = "invoicekit-ffi"
version = "0.0.0"

[[package]]
name = "invoicekit-intake-ocr"
version = "0.0.0"

[[package]]
name = "invoicekit-intake-pdf"
version = "0.0.0"

[[package]]
name = "invoicekit-intake-vlm"
version = "0.0.0"

[[package]]
name = "invoicekit-ir"
version = "0.0.0"

[[package]]
name = "invoicekit-lsp"
version = "0.0.0"

[[package]]
name = "invoicekit-managed-api"
version = "0.0.0"

[[package]]
name = "invoicekit-managed-api-server"
version = "0.0.0"

[[package]]
name = "invoicekit-migration"
version = "0.0.0"

[[package]]
name = "invoicekit-money"
version = "0.0.0"

[[package]]
name = "invoicekit-reconcile"
version = "0.0.0"

[[package]]
name = "invoicekit-render-pdf"
version = "0.0.0"

[[package]]
name = "invoicekit-render-pdf-postproc"
version = "0.0.0"

[[package]]
name = "invoicekit-render-verify"
version = "0.0.0"

[[package]]
name = "invoicekit-replay"
version = "0.0.0"

[[package]]
name = "invoicekit-report-ar-afip"
version = "0.0.0"

[[package]]
name = "invoicekit-report-br-nfe"
version = "0.0.0"

[[package]]
name = "invoicekit-report-cl-dte"
version = "0.0.0"

[[package]]
name = "invoicekit-report-cn-fapiao"
version = "0.0.0"

[[package]]
name = "invoicekit-report-co-dian"
version = "0.0.0"

[[package]]
name = "invoicekit-report-cr-hacienda"
version = "0.0.0"

[[package]]
name = "invoicekit-report-do-dgii"
version = "0.0.0"

[[package]]
name = "invoicekit-report-ec-sri"
version = "0.0.0"

[[package]]
name = "invoicekit-report-eg-eta"
version = "0.0.0"

[[package]]
name = "invoicekit-report-es-verifactu"
version = "0.0.0"

[[package]]
name = "invoicekit-report-fr-ctc"
version = "0.0.0"

[[package]]
name = "invoicekit-report-gr-mydata"
version = "0.0.0"

[[package]]
name = "invoicekit-report-hu-nav"
version = "0.0.0"

[[package]]
name = "invoicekit-report-id-djp"
version = "0.0.0"

[[package]]
name = "invoicekit-report-il-ita"
version = "0.0.0"

[[package]]
name = "invoicekit-report-in-gst"
version = "0.0.0"

[[package]]
name = "invoicekit-report-it-sdi"
version = "0.0.0"

[[package]]
name = "invoicekit-report-jp-qis"
version = "0.0.0"

[[package]]
name = "invoicekit-report-ke-etims"
version = "0.0.0"

[[package]]
name = "invoicekit-report-kr-nts"
version = "0.0.0"

[[package]]
name = "invoicekit-report-mx-cfdi"
version = "0.0.0"

[[package]]
name = "invoicekit-report-my-myinvois"
version = "0.0.0"

[[package]]
name = "invoicekit-report-ng-firs"
version = "0.0.0"

[[package]]
name = "invoicekit-report-pe-sunat"
version = "0.0.0"

[[package]]
name = "invoicekit-report-ph-bir"
version = "0.0.0"

[[package]]
name = "invoicekit-report-pl-ksef"
version = "0.0.0"

[[package]]
name = "invoicekit-report-ro-efactura"
version = "0.0.0"

[[package]]
name = "invoicekit-report-sa-zatca"
version = "0.0.0"

[[package]]
name = "invoicekit-report-th-rd"
version = "0.0.0"

[[package]]
name = "invoicekit-report-tr-efatura"
version = "0.0.0"

[[package]]
name = "invoicekit-report-tw-mof"
version = "0.0.0"

[[package]]
name = "invoicekit-report-vn-gdt"
version = "0.0.0"

[[package]]
name = "invoicekit-report-za-sars"
version = "0.0.0"

[[package]]
name = "invoicekit-rulepack"
version = "0.0.0"

[[package]]
name = "invoicekit-signer-agent"
version = "0.0.0"

[[package]]
name = "invoicekit-tax-calculation"
version = "0.0.0"

[[package]]
name = "invoicekit-transmit-email"
version = "0.0.0"

[[package]]
name = "invoicekit-transmit-mock"
version = "0.0.0"

[[package]]
name = "invoicekit-transmit-peppol"
version = "0.0.0"

[[package]]
name = "invoicekit-validate"
version = "0.0.0"

[[package]]
name = "invoicekit-validate-ubl-cii"
version = "0.0.0"

[[package]]
name = "invoicekit-verify"
version = "0.0.0"

[[package]]
name = "invoicekit-wasm"
version = "0.0.0"
